# This workflow file comes from LibreOffice. See
# https://cgit.freedesktop.org/libreoffice/core/commit/?id=83d68dfd36881fc720380493e7095a5518cda8bc
# for more details. The only thing modified here are the error messages. No
# real reason, except to update our links :)
#
# Originally written by Christian Lohmaier. Modified by Avery King.

# Configuration for Repo Lockdown - https://github.com/dessant/repo-lockdown
# LibreOffice project uses gerrit as its patch management & review system
name: Repo Lockdown

on:
    issues:
        types: opened
    pull_request_target:
        types: opened

jobs:
    point-to-upstream:
        runs-on: ubuntu-latest
        steps:
            - uses: dessant/repo-lockdown@v2.2.0
            with:
                issue-comment: >
                    Hi there! We don't accept pull requests on GitHub because we use it as a read-only mirror for visibility. Please see https://codeberg.org/tenacityteam/tenacity/issues to report your issue.
                skip-closed-issue-comment: true
                close-issue: true
                lock-issue: false
                pr-comment: >
                    Hi there! We thank you for your contribution to Tenacity, but we do not accept pull requests on GitHub as it's a read-only mirror for visibility. Please see https://codeberg.org/tenacityteam/tenacity/pulls to submit your pull request.
                skip-closed-pr-comment: true
                close-pr: true
                lock-pr: false
